
Microsoft Visual Studio Solution File, Format Version 12.00
# Visual Studio 15
VisualStudioVersion = 15.0.28307.960
MinimumVisualStudioVersion = 10.0.40219.1
Project("{FAE04EC0-301F-11D3-BF4B-00C04F79EFBC}") = "WindowsFormsApp_CRUD", "WindowsFormsApp_CRUD\WindowsFormsApp_CRUD.csproj", "{41789A6C-8839-4E01-98CE-9C3983227102}"
EndProject
Global
	GlobalSection(SolutionConfigurationPlatforms) = preSolution
		Debug|Any CPU = Debug|Any CPU
		Release|Any CPU = Release|Any CPU
	EndGlobalSection
	GlobalSection(ProjectConfigurationPlatforms) = postSolution
		{41789A6C-8839-4E01-98CE-9C3983227102}.Debug|Any CPU.ActiveCfg = Debug|Any CPU
		{41789A6C-8839-4E01-98CE-9C3983227102}.Debug|Any CPU.Build.0 = Debug|Any CPU
		{41789A6C-8839-4E01-98CE-9C3983227102}.Release|Any CPU.ActiveCfg = Release|Any CPU
		{41789A6C-8839-4E01-98CE-9C3983227102}.Release|Any CPU.Build.0 = Release|Any CPU
	EndGlobalSection
	GlobalSection(SolutionProperties) = preSolution
		HideSolutionNode = FALSE
	EndGlobalSection
	GlobalSection(ExtensibilityGlobals) = postSolution
		SolutionGuid = {60CADB1D-050D-41F8-9A6A-2A3FA9D8EE0C}
	EndGlobalSection
EndGlobal
